
Microsoft Visual Studio Solution File, Format Version 12.00
# Visual Studio Version 17
VisualStudioVersion = 17.3.32819.101
MinimumVisualStudioVersion = 10.0.40219.1
Project("{FAE04EC0-301F-11D3-BF4B-00C04F79EFBC}") = "PrimitivesTests", "PrimitivesTests\PrimitivesTests.csproj", "{FE22C914-3980-4CAA-ADBF-3367FBD8E5DA}"
EndProject
Global
	GlobalSection(SolutionConfigurationPlatforms) = preSolution
		Debug|Any CPU = Debug|Any CPU
		Release|Any CPU = Release|Any CPU
	EndGlobalSection
	GlobalSection(ProjectConfigurationPlatforms) = postSolution
		{FE22C914-3980-4CAA-ADBF-3367FBD8E5DA}.Debug|Any CPU.ActiveCfg = Debug|Any CPU
		{FE22C914-3980-4CAA-ADBF-3367FBD8E5DA}.Debug|Any CPU.Build.0 = Debug|Any CPU
		{FE22C914-3980-4CAA-ADBF-3367FBD8E5DA}.Release|Any CPU.ActiveCfg = Release|Any CPU
		{FE22C914-3980-4CAA-ADBF-3367FBD8E5DA}.Release|Any CPU.Build.0 = Release|Any CPU
	EndGlobalSection
	GlobalSection(SolutionProperties) = preSolution
		HideSolutionNode = FALSE
	EndGlobalSection
	GlobalSection(ExtensibilityGlobals) = postSolution
		SolutionGuid = {3772B29F-C064-4DBF-950F-A3A4603CE0BA}
	EndGlobalSection
EndGlobal
